
Microsoft Visual Studio Solution File, Format Version 12.00
# Visual Studio Version 16
VisualStudioVersion = 16.0.30804.86
MinimumVisualStudioVersion = 10.0.40219.1
Project("{FAE04EC0-301F-11D3-BF4B-00C04F79EFBC}") = "Assignment10", "Assignment10\Assignment10.csproj", "{F633CBD0-81B3-43F0-A0C4-03204830F175}"
EndProject
Global
	GlobalSection(SolutionConfigurationPlatforms) = preSolution
		Debug|Any CPU = Debug|Any CPU
		Release|Any CPU = Release|Any CPU
	EndGlobalSection
	GlobalSection(ProjectConfigurationPlatforms) = postSolution
		{F633CBD0-81B3-43F0-A0C4-03204830F175}.Debug|Any CPU.ActiveCfg = Debug|Any CPU
		{F633CBD0-81B3-43F0-A0C4-03204830F175}.Debug|Any CPU.Build.0 = Debug|Any CPU
		{F633CBD0-81B3-43F0-A0C4-03204830F175}.Release|Any CPU.ActiveCfg = Release|Any CPU
		{F633CBD0-81B3-43F0-A0C4-03204830F175}.Release|Any CPU.Build.0 = Release|Any CPU
	EndGlobalSection
	GlobalSection(SolutionProperties) = preSolution
		HideSolutionNode = FALSE
	EndGlobalSection
	GlobalSection(ExtensibilityGlobals) = postSolution
		SolutionGuid = {1216CFCD-22E7-4E9F-88EB-31C76878F6B1}
	EndGlobalSection
EndGlobal
